
Microsoft Visual Studio Solution File, Format Version 12.00
# Visual Studio Version 17
VisualStudioVersion = 17.4.33122.133
MinimumVisualStudioVersion = 10.0.40219.1
Project("{FAE04EC0-301F-11D3-BF4B-00C04F79EFBC}") = "NLayer.Core", "NLayer.Core\NLayer.Core.csproj", "{67408F78-077D-42D3-8051-DB39E0DACDC6}"
EndProject
Project("{FAE04EC0-301F-11D3-BF4B-00C04F79EFBC}") = "NLayer.Repository", "NLayer.Repository\NLayer.Repository.csproj", "{07B2BB19-4338-4E52-8E0C-AD5A51A6D89B}"
EndProject
Project("{FAE04EC0-301F-11D3-BF4B-00C04F79EFBC}") = "NLayer.Service", "NLayer.Service\NLayer.Service.csproj", "{079D935C-D894-4455-B72D-ED5B0C4A5115}"
EndProject
Project("{FAE04EC0-301F-11D3-BF4B-00C04F79EFBC}") = "NLayer.API", "NLayer.API\NLayer.API.csproj", "{10509498-30AA-4134-A4DA-255B4A67EDE7}"
EndProject
Project("{FAE04EC0-301F-11D3-BF4B-00C04F79EFBC}") = "NLayer.MVC", "NLayer.MVC\NLayer.MVC.csproj", "{03F3F64B-07E7-48AF-81F8-8B2D7764501A}"
EndProject
Global
	GlobalSection(SolutionConfigurationPlatforms) = preSolution
		Debug|Any CPU = Debug|Any CPU
		Release|Any CPU = Release|Any CPU
	EndGlobalSection
	GlobalSection(ProjectConfigurationPlatforms) = postSolution
		{67408F78-077D-42D3-8051-DB39E0DACDC6}.Debug|Any CPU.ActiveCfg = Debug|Any CPU
		{67408F78-077D-42D3-8051-DB39E0DACDC6}.Debug|Any CPU.Build.0 = Debug|Any CPU
		{67408F78-077D-42D3-8051-DB39E0DACDC6}.Release|Any CPU.ActiveCfg = Release|Any CPU
		{67408F78-077D-42D3-8051-DB39E0DACDC6}.Release|Any CPU.Build.0 = Release|Any CPU
		{07B2BB19-4338-4E52-8E0C-AD5A51A6D89B}.Debug|Any CPU.ActiveCfg = Debug|Any CPU
		{07B2BB19-4338-4E52-8E0C-AD5A51A6D89B}.Debug|Any CPU.Build.0 = Debug|Any CPU
		{07B2BB19-4338-4E52-8E0C-AD5A51A6D89B}.Release|Any CPU.ActiveCfg = Release|Any CPU
		{07B2BB19-4338-4E52-8E0C-AD5A51A6D89B}.Release|Any CPU.Build.0 = Release|Any CPU
		{079D935C-D894-4455-B72D-ED5B0C4A5115}.Debug|Any CPU.ActiveCfg = Debug|Any CPU
		{079D935C-D894-4455-B72D-ED5B0C4A5115}.Debug|Any CPU.Build.0 = Debug|Any CPU
		{079D935C-D894-4455-B72D-ED5B0C4A5115}.Release|Any CPU.ActiveCfg = Release|Any CPU
		{079D935C-D894-4455-B72D-ED5B0C4A5115}.Release|Any CPU.Build.0 = Release|Any CPU
		{10509498-30AA-4134-A4DA-255B4A67EDE7}.Debug|Any CPU.ActiveCfg = Debug|Any CPU
		{10509498-30AA-4134-A4DA-255B4A67EDE7}.Debug|Any CPU.Build.0 = Debug|Any CPU
		{10509498-30AA-4134-A4DA-255B4A67EDE7}.Release|Any CPU.ActiveCfg = Release|Any CPU
		{10509498-30AA-4134-A4DA-255B4A67EDE7}.Release|Any CPU.Build.0 = Release|Any CPU
		{03F3F64B-07E7-48AF-81F8-8B2D7764501A}.Debug|Any CPU.ActiveCfg = Debug|Any CPU
		{03F3F64B-07E7-48AF-81F8-8B2D7764501A}.Debug|Any CPU.Build.0 = Debug|Any CPU
		{03F3F64B-07E7-48AF-81F8-8B2D7764501A}.Release|Any CPU.ActiveCfg = Release|Any CPU
		{03F3F64B-07E7-48AF-81F8-8B2D7764501A}.Release|Any CPU.Build.0 = Release|Any CPU
	EndGlobalSection
	GlobalSection(SolutionProperties) = preSolution
		HideSolutionNode = FALSE
	EndGlobalSection
	GlobalSection(ExtensibilityGlobals) = postSolution
		SolutionGuid = {4D0F510D-3D4C-4CD3-8101-35603A785D93}
	EndGlobalSection
EndGlobal
